
Microsoft Visual Studio Solution File, Format Version 12.00
# Visual Studio Version 17
VisualStudioVersion = 17.14.36518.9 d17.14
MinimumVisualStudioVersion = 10.0.40219.1
Project("{2150E333-8FDC-42A3-9474-1A3956D46DE8}") = "Task0", "Task0", "{02EA681E-C7D8-13C7-8484-4AC65E1B71E8}"
EndProject
Project("{FAE04EC0-301F-11D3-BF4B-00C04F79EFBC}") = "Tyuiu.VolkovNS.Sprint5.Task0.V21", "Tyuiu.VolkovNS.Sprint5.Task0.V21\Tyuiu.VolkovNS.Sprint5.Task0.V21.csproj", "{96D77117-B89F-4C7A-8636-8AE3F2F3A375}"
EndProject
Project("{FAE04EC0-301F-11D3-BF4B-00C04F79EFBC}") = "Tyuiu.VolkovNS.Sprint5.Task0.V21.Test", "Tyuiu.VolkovNS.Sprint5.Task0.V21.Test\Tyuiu.VolkovNS.Sprint5.Task0.V21.Test.csproj", "{7091AE5E-032F-4471-95ED-7E252E70ED45}"
EndProject
Project("{FAE04EC0-301F-11D3-BF4B-00C04F79EFBC}") = "Tyuiu.VolkovNS.Sprint5.Task0.V21.Lib", "Tyuiu.VolkovNS.Sprint5.Task0.V21.Lib\Tyuiu.VolkovNS.Sprint5.Task0.V21.Lib.csproj", "{755FD8A7-F957-4252-8AAC-8440F54FDF89}"
EndProject
Project("{FAE04EC0-301F-11D3-BF4B-00C04F79EFBC}") = "Tyuiu.VolkovNS.Sprint5.Task1.V23", "Tyuiu.VolkovNS.Sprint5.Task1.V23\Tyuiu.VolkovNS.Sprint5.Task1.V23.csproj", "{B93DDB4E-76AA-43EE-A27F-647D13B971B1}"
EndProject
Project("{2150E333-8FDC-42A3-9474-1A3956D46DE8}") = "Task1", "Task1", "{FD95608D-9F05-4262-8F97-39ACCB9265AB}"
EndProject
Project("{2150E333-8FDC-42A3-9474-1A3956D46DE8}") = "Task2", "Task2", "{8AF58CB4-5E47-479F-A821-4847F0EF1F53}"
EndProject
Project("{2150E333-8FDC-42A3-9474-1A3956D46DE8}") = "Task3", "Task3", "{8A16FF63-7C15-4A3D-A18D-36A382F4427A}"
EndProject
Project("{2150E333-8FDC-42A3-9474-1A3956D46DE8}") = "Task4", "Task4", "{FD14BB76-33CD-49DB-B78A-B7CAB013C11B}"
EndProject
Project("{2150E333-8FDC-42A3-9474-1A3956D46DE8}") = "Task5", "Task5", "{02488D5E-FC56-4DDB-A687-0362A2577FDD}"
EndProject
Project("{2150E333-8FDC-42A3-9474-1A3956D46DE8}") = "Task6", "Task6", "{F29E3766-EF1C-4B3C-A42E-F065940181B2}"
EndProject
Project("{2150E333-8FDC-42A3-9474-1A3956D46DE8}") = "Task7", "Task7", "{DDD94F13-6749-4AD3-B0CF-F8F82A8035F2}"
EndProject
Project("{FAE04EC0-301F-11D3-BF4B-00C04F79EFBC}") = "Tyuiu.VolkovNS.Sprint5.Task1.V23.Lib", "Tyuiu.VolkovNS.Sprint5.Task1.V23.Lib\Tyuiu.VolkovNS.Sprint5.Task1.V23.Lib.csproj", "{E37FDF1C-72BC-4EBB-ABE5-CAC31FF818E0}"
EndProject
Project("{FAE04EC0-301F-11D3-BF4B-00C04F79EFBC}") = "Tyuiu.VolkovNS.Sprint5.Task1.V23.Test", "Tyuiu.VolkovNS.Sprint5.Task1.V23.Test\Tyuiu.VolkovNS.Sprint5.Task1.V23.Test.csproj", "{2BA935F7-688C-4B75-AEF5-2503F451A0BB}"
EndProject
Project("{FAE04EC0-301F-11D3-BF4B-00C04F79EFBC}") = "Tyuiu.VolkovNS.Sprint5.Task2.V3", "Tyuiu.VolkovNS.Sprint5.Task2.V3\Tyuiu.VolkovNS.Sprint5.Task2.V3.csproj", "{B878A155-59AF-4ED4-A1C0-9D5810D7BEA4}"
EndProject
Project("{FAE04EC0-301F-11D3-BF4B-00C04F79EFBC}") = "Tyuiu.VolkovNS.Sprint5.Task2.V3.Test", "Tyuiu.VolkovNS.Sprint5.Task2.V3.Test\Tyuiu.VolkovNS.Sprint5.Task2.V3.Test.csproj", "{1345BC66-5C2C-4102-848F-D69F3E01A683}"
EndProject
Project("{FAE04EC0-301F-11D3-BF4B-00C04F79EFBC}") = "Tyuiu.VolkovNS.Sprint5.Task2.V3.Lib", "Tyuiu.VolkovNS.Sprint5.Task2.V3.Lib\Tyuiu.VolkovNS.Sprint5.Task2.V3.Lib.csproj", "{586351EC-F81E-491A-8EED-C9B27F9249F4}"
EndProject
Project("{FAE04EC0-301F-11D3-BF4B-00C04F79EFBC}") = "Tyuiu.VolkovNS.Sprint5.Task3.V8", "Tyuiu.VolkovNS.Sprint5.Task3.V8\Tyuiu.VolkovNS.Sprint5.Task3.V8.csproj", "{5A1CF2EC-6C53-4B0A-9713-C400711EC4E9}"
EndProject
Project("{FAE04EC0-301F-11D3-BF4B-00C04F79EFBC}") = "Tyuiu.VolkovNS.Sprint5.Task3.V8.Lib", "Tyuiu.VolkovNS.Sprint5.Task3.V8.Lib\Tyuiu.VolkovNS.Sprint5.Task3.V8.Lib.csproj", "{D0FC9667-A7C8-4DAB-A50D-BBED2931136D}"
EndProject
Project("{FAE04EC0-301F-11D3-BF4B-00C04F79EFBC}") = "Tyuiu.VolkovNS.Sprint5.Task3.V8.Test", "Tyuiu.VolkovNS.Sprint5.Task3.V8.Test\Tyuiu.VolkovNS.Sprint5.Task3.V8.Test.csproj", "{DA3F0204-B341-41D3-B555-905399435751}"
EndProject
Project("{FAE04EC0-301F-11D3-BF4B-00C04F79EFBC}") = "Tyuiu.VolkovNS.Sprint5.Task4.V5", "Tyuiu.VolkovNS.Sprint5.Task4.V5\Tyuiu.VolkovNS.Sprint5.Task4.V5.csproj", "{AC9DA3EA-9308-488F-8BBF-D9099EA22E7F}"
EndProject
Project("{FAE04EC0-301F-11D3-BF4B-00C04F79EFBC}") = "Tyuiu.VolkovNS.Sprint5.Task4.V5.Test", "Tyuiu.VolkovNS.Sprint5.Task4.V5.Test\Tyuiu.VolkovNS.Sprint5.Task4.V5.Test.csproj", "{04085200-BCE0-46CB-B6A0-C67D24A3B083}"
EndProject
Project("{FAE04EC0-301F-11D3-BF4B-00C04F79EFBC}") = "Tyuiu.VolkovNS.Sprint5.Task4.V5.Lib", "Tyuiu.VolkovNS.Sprint5.Task4.V5.Lib\Tyuiu.VolkovNS.Sprint5.Task4.V5.Lib.csproj", "{AB5B9D64-4B2E-4B4A-AD9C-B8C2BF6AF046}"
EndProject
Project("{FAE04EC0-301F-11D3-BF4B-00C04F79EFBC}") = "Tyuiu.VolkovNS.Sprint5.Task5.V21", "Tyuiu.VolkovNS.Sprint5.Task5.V21\Tyuiu.VolkovNS.Sprint5.Task5.V21.csproj", "{93049226-9C6B-4F0F-862B-322256828E03}"
EndProject
Project("{FAE04EC0-301F-11D3-BF4B-00C04F79EFBC}") = "Tyuiu.VolkovNS.Sprint5.Task5.V21.Lib", "Tyuiu.VolkovNS.Sprint5.Task5.V21.Lib\Tyuiu.VolkovNS.Sprint5.Task5.V21.Lib.csproj", "{6BEBC0FF-F894-40BB-8D1F-72308A1A086E}"
EndProject
Project("{FAE04EC0-301F-11D3-BF4B-00C04F79EFBC}") = "Tyuiu.VolkovNS.Sprint5.Task5.V21.Test", "Tyuiu.VolkovNS.Sprint5.Task5.V21.Test\Tyuiu.VolkovNS.Sprint5.Task5.V21.Test.csproj", "{4509ED77-A6A2-423A-98A8-25322384A240}"
EndProject
Project("{FAE04EC0-301F-11D3-BF4B-00C04F79EFBC}") = "Tyuiu.VolkovNS.Sprint5.Task6.V11", "Tyuiu.VolkovNS.Sprint5.Task6.V11\Tyuiu.VolkovNS.Sprint5.Task6.V11.csproj", "{23BED1EF-615E-4700-8762-E6159554022B}"
EndProject
Project("{FAE04EC0-301F-11D3-BF4B-00C04F79EFBC}") = "Tyuiu.VolkovNS.Sprint5.Task6.V11.Lib", "Tyuiu.VolkovNS.Sprint5.Task6.V11.Lib\Tyuiu.VolkovNS.Sprint5.Task6.V11.Lib.csproj", "{72EC7D31-816B-444F-970A-869D92AEEB59}"
EndProject
Project("{FAE04EC0-301F-11D3-BF4B-00C04F79EFBC}") = "Tyuiu.VolkovNS.Sprint5.Task6.V11.Test", "Tyuiu.VolkovNS.Sprint5.Task6.V11.Test\Tyuiu.VolkovNS.Sprint5.Task6.V11.Test.csproj", "{A6D45C6A-6A39-477E-A45F-629913852DFC}"
EndProject
Project("{FAE04EC0-301F-11D3-BF4B-00C04F79EFBC}") = "Tyuiu.VolkovNS.Sprint5.Task7.V8", "Tyuiu.VolkovNS.Sprint5.Task7.V8\Tyuiu.VolkovNS.Sprint5.Task7.V8.csproj", "{45A5BEDC-9E44-4F77-A27A-060B44A56222}"
EndProject
Project("{FAE04EC0-301F-11D3-BF4B-00C04F79EFBC}") = "Tyuiu.VolkovNS.Sprint5.Task7.V8.Test", "Tyuiu.VolkovNS.Sprint5.Task7.V8.Test\Tyuiu.VolkovNS.Sprint5.Task7.V8.Test.csproj", "{B35E0D7C-B3A4-4733-80AD-FB53373066B3}"
EndProject
Project("{FAE04EC0-301F-11D3-BF4B-00C04F79EFBC}") = "Tyuiu.VolkovNS.Sprint5.Task7.V8.Lib", "Tyuiu.VolkovNS.Sprint5.Task7.V8.Lib\Tyuiu.VolkovNS.Sprint5.Task7.V8.Lib.csproj", "{F482921C-7CAD-4E0D-B175-F5DBD0E1E255}"
EndProject
Global
	GlobalSection(SolutionConfigurationPlatforms) = preSolution
		Debug|Any CPU = Debug|Any CPU
		Release|Any CPU = Release|Any CPU
	EndGlobalSection
	GlobalSection(ProjectConfigurationPlatforms) = postSolution
		{96D77117-B89F-4C7A-8636-8AE3F2F3A375}.Debug|Any CPU.ActiveCfg = Debug|Any CPU
		{96D77117-B89F-4C7A-8636-8AE3F2F3A375}.Debug|Any CPU.Build.0 = Debug|Any CPU
		{96D77117-B89F-4C7A-8636-8AE3F2F3A375}.Release|Any CPU.ActiveCfg = Release|Any CPU
		{96D77117-B89F-4C7A-8636-8AE3F2F3A375}.Release|Any CPU.Build.0 = Release|Any CPU
		{7091AE5E-032F-4471-95ED-7E252E70ED45}.Debug|Any CPU.ActiveCfg = Debug|Any CPU
		{7091AE5E-032F-4471-95ED-7E252E70ED45}.Debug|Any CPU.Build.0 = Debug|Any CPU
		{7091AE5E-032F-4471-95ED-7E252E70ED45}.Release|Any CPU.ActiveCfg = Release|Any CPU
		{7091AE5E-032F-4471-95ED-7E252E70ED45}.Release|Any CPU.Build.0 = Release|Any CPU
		{755FD8A7-F957-4252-8AAC-8440F54FDF89}.Debug|Any CPU.ActiveCfg = Debug|Any CPU
		{755FD8A7-F957-4252-8AAC-8440F54FDF89}.Debug|Any CPU.Build.0 = Debug|Any CPU
		{755FD8A7-F957-4252-8AAC-8440F54FDF89}.Release|Any CPU.ActiveCfg = Release|Any CPU
		{755FD8A7-F957-4252-8AAC-8440F54FDF89}.Release|Any CPU.Build.0 = Release|Any CPU
		{B93DDB4E-76AA-43EE-A27F-647D13B971B1}.Debug|Any CPU.ActiveCfg = Debug|Any CPU
		{B93DDB4E-76AA-43EE-A27F-647D13B971B1}.Debug|Any CPU.Build.0 = Debug|Any CPU
		{B93DDB4E-76AA-43EE-A27F-647D13B971B1}.Release|Any CPU.ActiveCfg = Release|Any CPU
		{B93DDB4E-76AA-43EE-A27F-647D13B971B1}.Release|Any CPU.Build.0 = Release|Any CPU
		{E37FDF1C-72BC-4EBB-ABE5-CAC31FF818E0}.Debug|Any CPU.ActiveCfg = Debug|Any CPU
		{E37FDF1C-72BC-4EBB-ABE5-CAC31FF818E0}.Debug|Any CPU.Build.0 = Debug|Any CPU
		{E37FDF1C-72BC-4EBB-ABE5-CAC31FF818E0}.Release|Any CPU.ActiveCfg = Release|Any CPU
		{E37FDF1C-72BC-4EBB-ABE5-CAC31FF818E0}.Release|Any CPU.Build.0 = Release|Any CPU
		{2BA935F7-688C-4B75-AEF5-2503F451A0BB}.Debug|Any CPU.ActiveCfg = Debug|Any CPU
		{2BA935F7-688C-4B75-AEF5-2503F451A0BB}.Debug|Any CPU.Build.0 = Debug|Any CPU
		{2BA935F7-688C-4B75-AEF5-2503F451A0BB}.Release|Any CPU.ActiveCfg = Release|Any CPU
		{2BA935F7-688C-4B75-AEF5-2503F451A0BB}.Release|Any CPU.Build.0 = Release|Any CPU
		{B878A155-59AF-4ED4-A1C0-9D5810D7BEA4}.Debug|Any CPU.ActiveCfg = Debug|Any CPU
		{B878A155-59AF-4ED4-A1C0-9D5810D7BEA4}.Debug|Any CPU.Build.0 = Debug|Any CPU
		{B878A155-59AF-4ED4-A1C0-9D5810D7BEA4}.Release|Any CPU.ActiveCfg = Release|Any CPU
		{B878A155-59AF-4ED4-A1C0-9D5810D7BEA4}.Release|Any CPU.Build.0 = Release|Any CPU
		{1345BC66-5C2C-4102-848F-D69F3E01A683}.Debug|Any CPU.ActiveCfg = Debug|Any CPU
		{1345BC66-5C2C-4102-848F-D69F3E01A683}.Debug|Any CPU.Build.0 = Debug|Any CPU
		{1345BC66-5C2C-4102-848F-D69F3E01A683}.Release|Any CPU.ActiveCfg = Release|Any CPU
		{1345BC66-5C2C-4102-848F-D69F3E01A683}.Release|Any CPU.Build.0 = Release|Any CPU
		{586351EC-F81E-491A-8EED-C9B27F9249F4}.Debug|Any CPU.ActiveCfg = Debug|Any CPU
		{586351EC-F81E-491A-8EED-C9B27F9249F4}.Debug|Any CPU.Build.0 = Debug|Any CPU
		{586351EC-F81E-491A-8EED-C9B27F9249F4}.Release|Any CPU.ActiveCfg = Release|Any CPU
		{586351EC-F81E-491A-8EED-C9B27F9249F4}.Release|Any CPU.Build.0 = Release|Any CPU
		{5A1CF2EC-6C53-4B0A-9713-C400711EC4E9}.Debug|Any CPU.ActiveCfg = Debug|Any CPU
		{5A1CF2EC-6C53-4B0A-9713-C400711EC4E9}.Debug|Any CPU.Build.0 = Debug|Any CPU
		{5A1CF2EC-6C53-4B0A-9713-C400711EC4E9}.Release|Any CPU.ActiveCfg = Release|Any CPU
		{5A1CF2EC-6C53-4B0A-9713-C400711EC4E9}.Release|Any CPU.Build.0 = Release|Any CPU
		{D0FC9667-A7C8-4DAB-A50D-BBED2931136D}.Debug|Any CPU.ActiveCfg = Debug|Any CPU
		{D0FC9667-A7C8-4DAB-A50D-BBED2931136D}.Debug|Any CPU.Build.0 = Debug|Any CPU
		{D0FC9667-A7C8-4DAB-A50D-BBED2931136D}.Release|Any CPU.ActiveCfg = Release|Any CPU
		{D0FC9667-A7C8-4DAB-A50D-BBED2931136D}.Release|Any CPU.Build.0 = Release|Any CPU
		{DA3F0204-B341-41D3-B555-905399435751}.Debug|Any CPU.ActiveCfg = Debug|Any CPU
		{DA3F0204-B341-41D3-B555-905399435751}.Debug|Any CPU.Build.0 = Debug|Any CPU
		{DA3F0204-B341-41D3-B555-905399435751}.Release|Any CPU.ActiveCfg = Release|Any CPU
		{DA3F0204-B341-41D3-B555-905399435751}.Release|Any CPU.Build.0 = Release|Any CPU
		{AC9DA3EA-9308-488F-8BBF-D9099EA22E7F}.Debug|Any CPU.ActiveCfg = Debug|Any CPU
		{AC9DA3EA-9308-488F-8BBF-D9099EA22E7F}.Debug|Any CPU.Build.0 = Debug|Any CPU
		{AC9DA3EA-9308-488F-8BBF-D9099EA22E7F}.Release|Any CPU.ActiveCfg = Release|Any CPU
		{AC9DA3EA-9308-488F-8BBF-D9099EA22E7F}.Release|Any CPU.Build.0 = Release|Any CPU
		{04085200-BCE0-46CB-B6A0-C67D24A3B083}.Debug|Any CPU.ActiveCfg = Debug|Any CPU
		{04085200-BCE0-46CB-B6A0-C67D24A3B083}.Debug|Any CPU.Build.0 = Debug|Any CPU
		{04085200-BCE0-46CB-B6A0-C67D24A3B083}.Release|Any CPU.ActiveCfg = Release|Any CPU
		{04085200-BCE0-46CB-B6A0-C67D24A3B083}.Release|Any CPU.Build.0 = Release|Any CPU
		{AB5B9D64-4B2E-4B4A-AD9C-B8C2BF6AF046}.Debug|Any CPU.ActiveCfg = Debug|Any CPU
		{AB5B9D64-4B2E-4B4A-AD9C-B8C2BF6AF046}.Debug|Any CPU.Build.0 = Debug|Any CPU
		{AB5B9D64-4B2E-4B4A-AD9C-B8C2BF6AF046}.Release|Any CPU.ActiveCfg = Release|Any CPU
		{AB5B9D64-4B2E-4B4A-AD9C-B8C2BF6AF046}.Release|Any CPU.Build.0 = Release|Any CPU
		{93049226-9C6B-4F0F-862B-322256828E03}.Debug|Any CPU.ActiveCfg = Debug|Any CPU
		{93049226-9C6B-4F0F-862B-322256828E03}.Debug|Any CPU.Build.0 = Debug|Any CPU
		{93049226-9C6B-4F0F-862B-322256828E03}.Release|Any CPU.ActiveCfg = Release|Any CPU
		{93049226-9C6B-4F0F-862B-322256828E03}.Release|Any CPU.Build.0 = Release|Any CPU
		{6BEBC0FF-F894-40BB-8D1F-72308A1A086E}.Debug|Any CPU.ActiveCfg = Debug|Any CPU
		{6BEBC0FF-F894-40BB-8D1F-72308A1A086E}.Debug|Any CPU.Build.0 = Debug|Any CPU
		{6BEBC0FF-F894-40BB-8D1F-72308A1A086E}.Release|Any CPU.ActiveCfg = Release|Any CPU
		{6BEBC0FF-F894-40BB-8D1F-72308A1A086E}.Release|Any CPU.Build.0 = Release|Any CPU
		{4509ED77-A6A2-423A-98A8-25322384A240}.Debug|Any CPU.ActiveCfg = Debug|Any CPU
		{4509ED77-A6A2-423A-98A8-25322384A240}.Debug|Any CPU.Build.0 = Debug|Any CPU
		{4509ED77-A6A2-423A-98A8-25322384A240}.Release|Any CPU.ActiveCfg = Release|Any CPU
		{4509ED77-A6A2-423A-98A8-25322384A240}.Release|Any CPU.Build.0 = Release|Any CPU
		{23BED1EF-615E-4700-8762-E6159554022B}.Debug|Any CPU.ActiveCfg = Debug|Any CPU
		{23BED1EF-615E-4700-8762-E6159554022B}.Debug|Any CPU.Build.0 = Debug|Any CPU
		{23BED1EF-615E-4700-8762-E6159554022B}.Release|Any CPU.ActiveCfg = Release|Any CPU
		{23BED1EF-615E-4700-8762-E6159554022B}.Release|Any CPU.Build.0 = Release|Any CPU
		{72EC7D31-816B-444F-970A-869D92AEEB59}.Debug|Any CPU.ActiveCfg = Debug|Any CPU
		{72EC7D31-816B-444F-970A-869D92AEEB59}.Debug|Any CPU.Build.0 = Debug|Any CPU
		{72EC7D31-816B-444F-970A-869D92AEEB59}.Release|Any CPU.ActiveCfg = Release|Any CPU
		{72EC7D31-816B-444F-970A-869D92AEEB59}.Release|Any CPU.Build.0 = Release|Any CPU
		{A6D45C6A-6A39-477E-A45F-629913852DFC}.Debug|Any CPU.ActiveCfg = Debug|Any CPU
		{A6D45C6A-6A39-477E-A45F-629913852DFC}.Debug|Any CPU.Build.0 = Debug|Any CPU
		{A6D45C6A-6A39-477E-A45F-629913852DFC}.Release|Any CPU.ActiveCfg = Release|Any CPU
		{A6D45C6A-6A39-477E-A45F-629913852DFC}.Release|Any CPU.Build.0 = Release|Any CPU
		{45A5BEDC-9E44-4F77-A27A-060B44A56222}.Debug|Any CPU.ActiveCfg = Debug|Any CPU
		{45A5BEDC-9E44-4F77-A27A-060B44A56222}.Debug|Any CPU.Build.0 = Debug|Any CPU
		{45A5BEDC-9E44-4F77-A27A-060B44A56222}.Release|Any CPU.ActiveCfg = Release|Any CPU
		{45A5BEDC-9E44-4F77-A27A-060B44A56222}.Release|Any CPU.Build.0 = Release|Any CPU
		{B35E0D7C-B3A4-4733-80AD-FB53373066B3}.Debug|Any CPU.ActiveCfg = Debug|Any CPU
		{B35E0D7C-B3A4-4733-80AD-FB53373066B3}.Debug|Any CPU.Build.0 = Debug|Any CPU
		{B35E0D7C-B3A4-4733-80AD-FB53373066B3}.Release|Any CPU.ActiveCfg = Release|Any CPU
		{B35E0D7C-B3A4-4733-80AD-FB53373066B3}.Release|Any CPU.Build.0 = Release|Any CPU
		{F482921C-7CAD-4E0D-B175-F5DBD0E1E255}.Debug|Any CPU.ActiveCfg = Debug|Any CPU
		{F482921C-7CAD-4E0D-B175-F5DBD0E1E255}.Debug|Any CPU.Build.0 = Debug|Any CPU
		{F482921C-7CAD-4E0D-B175-F5DBD0E1E255}.Release|Any CPU.ActiveCfg = Release|Any CPU
		{F482921C-7CAD-4E0D-B175-F5DBD0E1E255}.Release|Any CPU.Build.0 = Release|Any CPU
	EndGlobalSection
	GlobalSection(SolutionProperties) = preSolution
		HideSolutionNode = FALSE
	EndGlobalSection
	GlobalSection(NestedProjects) = preSolution
		{96D77117-B89F-4C7A-8636-8AE3F2F3A375} = {02EA681E-C7D8-13C7-8484-4AC65E1B71E8}
		{7091AE5E-032F-4471-95ED-7E252E70ED45} = {02EA681E-C7D8-13C7-8484-4AC65E1B71E8}
		{755FD8A7-F957-4252-8AAC-8440F54FDF89} = {02EA681E-C7D8-13C7-8484-4AC65E1B71E8}
		{B93DDB4E-76AA-43EE-A27F-647D13B971B1} = {FD95608D-9F05-4262-8F97-39ACCB9265AB}
		{E37FDF1C-72BC-4EBB-ABE5-CAC31FF818E0} = {FD95608D-9F05-4262-8F97-39ACCB9265AB}
		{2BA935F7-688C-4B75-AEF5-2503F451A0BB} = {FD95608D-9F05-4262-8F97-39ACCB9265AB}
		{B878A155-59AF-4ED4-A1C0-9D5810D7BEA4} = {8AF58CB4-5E47-479F-A821-4847F0EF1F53}
		{1345BC66-5C2C-4102-848F-D69F3E01A683} = {8AF58CB4-5E47-479F-A821-4847F0EF1F53}
		{586351EC-F81E-491A-8EED-C9B27F9249F4} = {8AF58CB4-5E47-479F-A821-4847F0EF1F53}
		{5A1CF2EC-6C53-4B0A-9713-C400711EC4E9} = {8A16FF63-7C15-4A3D-A18D-36A382F4427A}
		{D0FC9667-A7C8-4DAB-A50D-BBED2931136D} = {8A16FF63-7C15-4A3D-A18D-36A382F4427A}
		{DA3F0204-B341-41D3-B555-905399435751} = {8A16FF63-7C15-4A3D-A18D-36A382F4427A}
		{AC9DA3EA-9308-488F-8BBF-D9099EA22E7F} = {FD14BB76-33CD-49DB-B78A-B7CAB013C11B}
		{04085200-BCE0-46CB-B6A0-C67D24A3B083} = {FD14BB76-33CD-49DB-B78A-B7CAB013C11B}
		{AB5B9D64-4B2E-4B4A-AD9C-B8C2BF6AF046} = {FD14BB76-33CD-49DB-B78A-B7CAB013C11B}
		{93049226-9C6B-4F0F-862B-322256828E03} = {02488D5E-FC56-4DDB-A687-0362A2577FDD}
		{6BEBC0FF-F894-40BB-8D1F-72308A1A086E} = {02488D5E-FC56-4DDB-A687-0362A2577FDD}
		{4509ED77-A6A2-423A-98A8-25322384A240} = {02488D5E-FC56-4DDB-A687-0362A2577FDD}
		{23BED1EF-615E-4700-8762-E6159554022B} = {F29E3766-EF1C-4B3C-A42E-F065940181B2}
		{72EC7D31-816B-444F-970A-869D92AEEB59} = {F29E3766-EF1C-4B3C-A42E-F065940181B2}
		{A6D45C6A-6A39-477E-A45F-629913852DFC} = {F29E3766-EF1C-4B3C-A42E-F065940181B2}
		{45A5BEDC-9E44-4F77-A27A-060B44A56222} = {DDD94F13-6749-4AD3-B0CF-F8F82A8035F2}
		{B35E0D7C-B3A4-4733-80AD-FB53373066B3} = {DDD94F13-6749-4AD3-B0CF-F8F82A8035F2}
		{F482921C-7CAD-4E0D-B175-F5DBD0E1E255} = {DDD94F13-6749-4AD3-B0CF-F8F82A8035F2}
	EndGlobalSection
	GlobalSection(ExtensibilityGlobals) = postSolution
		SolutionGuid = {B3A3F3D6-BD95-432D-AE01-3F0110B94BD1}
	EndGlobalSection
EndGlobal
